
Microsoft Visual Studio Solution File, Format Version 12.00
# Visual Studio 15
VisualStudioVersion = 15.0.27004.2005
MinimumVisualStudioVersion = 10.0.40219.1
Project("{FAE04EC0-301F-11D3-BF4B-00C04F79EFBC}") = "DesktopApp", "DesktopApp\DesktopApp.csproj", "{7DD26249-32AC-498D-9F28-752EF0D7B6E4}"
EndProject
Global
	GlobalSection(SolutionConfigurationPlatforms) = preSolution
		Debug|Any CPU = Debug|Any CPU
		Release|Any CPU = Release|Any CPU
	EndGlobalSection
	GlobalSection(ProjectConfigurationPlatforms) = postSolution
		{7DD26249-32AC-498D-9F28-752EF0D7B6E4}.Debug|Any CPU.ActiveCfg = Debug|Any CPU
		{7DD26249-32AC-498D-9F28-752EF0D7B6E4}.Debug|Any CPU.Build.0 = Debug|Any CPU
		{7DD26249-32AC-498D-9F28-752EF0D7B6E4}.Release|Any CPU.ActiveCfg = Release|Any CPU
		{7DD26249-32AC-498D-9F28-752EF0D7B6E4}.Release|Any CPU.Build.0 = Release|Any CPU
	EndGlobalSection
	GlobalSection(SolutionProperties) = preSolution
		HideSolutionNode = FALSE
	EndGlobalSection
	GlobalSection(ExtensibilityGlobals) = postSolution
		SolutionGuid = {2E63169C-6296-4A65-A5F6-1DBC65F57F93}
	EndGlobalSection
EndGlobal
